{
  "name": "100-days-of-productivity",
  "version": "0.0.1-dev",
  "lockfileVersion": 2,
  "requires": true,
  "packages": {
    "": {
      "name": "100-days-of-productivity",
      "version": "0.0.1-dev",
      "dependencies": {
        "@erutidians/auto-dop": "^1.0.2"
      }
    },
    "node_modules/@erutidians/auto-dop": {
      "version": "1.0.2",
      "resolved": "https://registry.npmjs.org/@erutidians/auto-dop/-/auto-dop-1.0.2.tgz",
      "integrity": "sha512-5/L6kn6B21K0rGAugbOkCfaRlDkUhFQDB9uB/BhYWi+8ZYBA7UXYtQ4JxMy15FJADUu+Fq5jcuHSc+RtFHZYXw=="
    }
  },
  "dependencies": {
    "@erutidians/auto-dop": {
      "version": "1.0.2",
      "resolved": "https://registry.npmjs.org/@erutidians/auto-dop/-/auto-dop-1.0.2.tgz",
      "integrity": "sha512-5/L6kn6B21K0rGAugbOkCfaRlDkUhFQDB9uB/BhYWi+8ZYBA7UXYtQ4JxMy15FJADUu+Fq5jcuHSc+RtFHZYXw=="
    }
  }
}
