{
  "name": "100-days-of-productivity",
  "version": "0.0.1-dev",
  "lockfileVersion": 2,
  "requires": true,
  "packages": {
    "": {
      "name": "100-days-of-productivity",
      "version": "0.0.1-dev",
      "dependencies": {
        "@erutidians/auto-dop": "^1.0.4"
      }
    },
    "node_modules/@erutidians/auto-dop": {
      "version": "1.0.4",
      "resolved": "https://registry.npmjs.org/@erutidians/auto-dop/-/auto-dop-1.0.4.tgz",
      "integrity": "sha512-48h/KSepCgvmCzTphlzDXEkRon39b7Cgu9UarDaL7Lmgr4LRR+N40bDI0JFTfTZz3/rrJqLseBLRqAE3TvxvbA=="
    }
  },
  "dependencies": {
    "@erutidians/auto-dop": {
      "version": "1.0.4",
      "resolved": "https://registry.npmjs.org/@erutidians/auto-dop/-/auto-dop-1.0.4.tgz",
      "integrity": "sha512-48h/KSepCgvmCzTphlzDXEkRon39b7Cgu9UarDaL7Lmgr4LRR+N40bDI0JFTfTZz3/rrJqLseBLRqAE3TvxvbA=="
    }
  }
}
