{
  "name": "100-days-of-productivity",
  "version": "0.0.1-dev",
  "lockfileVersion": 2,
  "requires": true,
  "packages": {
    "": {
      "name": "100-days-of-productivity",
      "version": "0.0.1-dev",
      "dependencies": {
        "@erutidians/auto-dop": "^1.1.2"
      },
      "devDependencies": {
        "prettier": "^2.7.1"
      }
    },
    "node_modules/@erutidians/auto-dop": {
      "version": "1.1.2",
      "resolved": "https://registry.npmjs.org/@erutidians/auto-dop/-/auto-dop-1.1.2.tgz",
      "integrity": "sha512-lphWvoKLApZE2GNwLgqKPtnQ3G5uD6QQjAQpVPXaVEgeMdaTIDM655xRhKx4gHcDM1Vug9rseuIs75x3egfrgA=="
    },
    "node_modules/prettier": {
      "version": "2.7.1",
      "resolved": "https://registry.npmjs.org/prettier/-/prettier-2.7.1.tgz",
      "integrity": "sha512-ujppO+MkdPqoVINuDFDRLClm7D78qbDt0/NR+wp5FqEZOoTNAjPHWj17QRhu7geIHJfcNhRk1XVQmF8Bp3ye+g==",
      "dev": true,
      "bin": {
        "prettier": "bin-prettier.js"
      },
      "engines": {
        "node": ">=10.13.0"
      },
      "funding": {
        "url": "https://github.com/prettier/prettier?sponsor=1"
      }
    }
  },
  "dependencies": {
    "@erutidians/auto-dop": {
      "version": "1.1.2",
      "resolved": "https://registry.npmjs.org/@erutidians/auto-dop/-/auto-dop-1.1.2.tgz",
      "integrity": "sha512-lphWvoKLApZE2GNwLgqKPtnQ3G5uD6QQjAQpVPXaVEgeMdaTIDM655xRhKx4gHcDM1Vug9rseuIs75x3egfrgA=="
    },
    "prettier": {
      "version": "2.7.1",
      "resolved": "https://registry.npmjs.org/prettier/-/prettier-2.7.1.tgz",
      "integrity": "sha512-ujppO+MkdPqoVINuDFDRLClm7D78qbDt0/NR+wp5FqEZOoTNAjPHWj17QRhu7geIHJfcNhRk1XVQmF8Bp3ye+g==",
      "dev": true
    }
  }
}
